Microsoft Visual Studio Solution File, Format Version 8.00
Project("{8BC9CEB8-8B4A-11D0-8D11-00A0C91BC942}") = "main", "main.vcproj", "{FAA1F6E9-9A60-4AAC-8ECC-4084C843B9C4}"
	ProjectSection(ProjectDependencies) = postProject
	EndProjectSection
EndProject
Global
	GlobalSection(SolutionConfiguration) = preSolution
		Debug = Debug
		Release = Release
	EndGlobalSection
	GlobalSection(ProjectConfiguration) = postSolution
		{FAA1F6E9-9A60-4AAC-8ECC-4084C843B9C4}.Debug.ActiveCfg = Debug|Win32
		{FAA1F6E9-9A60-4AAC-8ECC-4084C843B9C4}.Debug.Build.0 = Debug|Win32
		{FAA1F6E9-9A60-4AAC-8ECC-4084C843B9C4}.Release.ActiveCfg = Release|Win32
		{FAA1F6E9-9A60-4AAC-8ECC-4084C843B9C4}.Release.Build.0 = Release|Win32
	EndGlobalSection
	GlobalSection(ExtensibilityGlobals) = postSolution
	EndGlobalSection
	GlobalSection(ExtensibilityAddIns) = postSolution
	EndGlobalSection
EndGlobal
